
Microsoft Visual Studio Solution File, Format Version 12.00
# Visual Studio 15
VisualStudioVersion = 15.0.28307.271
MinimumVisualStudioVersion = 10.0.40219.1
Project("{2150E333-8FDC-42A3-9474-1A3956D46DE8}") = "Microservices", "Microservices", "{EC4B510B-5D08-4709-848A-7D9A39488076}"
EndProject
Project("{2150E333-8FDC-42A3-9474-1A3956D46DE8}") = "Domain", "Domain", "{49145812-243F-451F-BBBC-8DF3F0E08710}"
EndProject
Project("{2150E333-8FDC-42A3-9474-1A3956D46DE8}") = "Infra.Bus", "Infra.Bus", "{FE49A716-6EBF-466E-B10F-3C4976B36E0C}"
EndProject
Project("{2150E333-8FDC-42A3-9474-1A3956D46DE8}") = "Infra.IOC", "Infra.IOC", "{8343960E-91E1-4890-9CE0-6769C74D2021}"
EndProject
Project("{2150E333-8FDC-42A3-9474-1A3956D46DE8}") = "Presentation", "Presentation", "{A56745A4-2C13-4970-9649-F181500037A0}"
EndProject
Project("{FAE04EC0-301F-11D3-BF4B-00C04F79EFBC}") = "MicroRabbit.Domain.Core", "MicroRabbit.Domain.Core\MicroRabbit.Domain.Core.csproj", "{57DA020D-3938-4AC9-805E-320976D6AFFE}"
EndProject
Global
	GlobalSection(SolutionConfigurationPlatforms) = preSolution
		Debug|Any CPU = Debug|Any CPU
		Release|Any CPU = Release|Any CPU
	EndGlobalSection
	GlobalSection(ProjectConfigurationPlatforms) = postSolution
		{57DA020D-3938-4AC9-805E-320976D6AFFE}.Debug|Any CPU.ActiveCfg = Debug|Any CPU
		{57DA020D-3938-4AC9-805E-320976D6AFFE}.Debug|Any CPU.Build.0 = Debug|Any CPU
		{57DA020D-3938-4AC9-805E-320976D6AFFE}.Release|Any CPU.ActiveCfg = Release|Any CPU
		{57DA020D-3938-4AC9-805E-320976D6AFFE}.Release|Any CPU.Build.0 = Release|Any CPU
	EndGlobalSection
	GlobalSection(SolutionProperties) = preSolution
		HideSolutionNode = FALSE
	EndGlobalSection
	GlobalSection(NestedProjects) = preSolution
		{57DA020D-3938-4AC9-805E-320976D6AFFE} = {49145812-243F-451F-BBBC-8DF3F0E08710}
	EndGlobalSection
	GlobalSection(ExtensibilityGlobals) = postSolution
		SolutionGuid = {257A7042-8711-48E0-AC99-6531D8EEF79D}
	EndGlobalSection
EndGlobal
